
Microsoft Visual Studio Solution File, Format Version 12.00
# Visual Studio Version 17
VisualStudioVersion = 17.14.36401.2 d17.14
MinimumVisualStudioVersion = 10.0.40219.1
Project("{FAE04EC0-301F-11D3-BF4B-00C04F79EFBC}") = "SWE1", "SWE1.csproj", "{A0D65E51-6791-48E2-A118-2D963AC41D2A}"
EndProject
Global
	GlobalSection(SolutionConfigurationPlatforms) = preSolution
		Debug|Any CPU = Debug|Any CPU
		Release|Any CPU = Release|Any CPU
	EndGlobalSection
	GlobalSection(ProjectConfigurationPlatforms) = postSolution
		{A0D65E51-6791-48E2-A118-2D963AC41D2A}.Debug|Any CPU.ActiveCfg = Debug|Any CPU
		{A0D65E51-6791-48E2-A118-2D963AC41D2A}.Debug|Any CPU.Build.0 = Debug|Any CPU
		{A0D65E51-6791-48E2-A118-2D963AC41D2A}.Release|Any CPU.ActiveCfg = Release|Any CPU
		{A0D65E51-6791-48E2-A118-2D963AC41D2A}.Release|Any CPU.Build.0 = Release|Any CPU
	EndGlobalSection
	GlobalSection(SolutionProperties) = preSolution
		HideSolutionNode = FALSE
	EndGlobalSection
	GlobalSection(ExtensibilityGlobals) = postSolution
		SolutionGuid = {15A17206-3899-4CBE-8817-DBA92EA2C7B5}
	EndGlobalSection
EndGlobal
